
Microsoft Visual Studio Solution File, Format Version 12.00
Project("{FAE04EC0-301F-11D3-BF4B-00C04F79EFBC}") = "AutoTf.GpsTest", "AutoTf.GpsTest\AutoTf.GpsTest.csproj", "{B108144B-F033-4A02-8AD9-B25812067C30}"
EndProject
Global
	GlobalSection(SolutionConfigurationPlatforms) = preSolution
		Debug|Any CPU = Debug|Any CPU
		Release|Any CPU = Release|Any CPU
	EndGlobalSection
	GlobalSection(ProjectConfigurationPlatforms) = postSolution
		{B108144B-F033-4A02-8AD9-B25812067C30}.Debug|Any CPU.ActiveCfg = Debug|Any CPU
		{B108144B-F033-4A02-8AD9-B25812067C30}.Debug|Any CPU.Build.0 = Debug|Any CPU
		{B108144B-F033-4A02-8AD9-B25812067C30}.Release|Any CPU.ActiveCfg = Release|Any CPU
		{B108144B-F033-4A02-8AD9-B25812067C30}.Release|Any CPU.Build.0 = Release|Any CPU
	EndGlobalSection
EndGlobal
